github.com/wowchemy/wowchemy-hugo-modules/wowchemy-cms/v5 v5.0.0-20220216215925-d0da1f21994f h1:/IZ+BJ0BC5fjUNRvtUmwdhw15wUvmFaU+Lj3mUAFJj8=
github.com/wowchemy/wowchemy-hugo-modules/wowchemy-cms/v5 v5.0.0-20220216215925-d0da1f21994f/go.mod h1:Sp/AKo+2HAPi/IPHp1MEdKPmee+mzO5+efUBUPLPqPE=
github.com/wowchemy/wowchemy-hugo-modules/wowchemy/v5 v5.0.0-20220216215925-d0da1f21994f h1:vkShCXtNAkYvCVml/FJmPOrEzNNC0hPuyU6vBNDTgZs=
github.com/wowchemy/wowchemy-hugo-modules/wowchemy/v5 v5.0.0-20220216215925-d0da1f21994f/go.mod h1:2iL9rdrUYyJXX2BeHKfK+QbqZlubCsaR60nQ87NRQTY=
